# THIS IS AN AUTOGENERATED FILE. DO NOT EDIT THIS FILE DIRECTLY.
# yarn lockfile v1


"@img/sharp-win32-x64@0.33.1":
  version "0.33.1"
  resolved "https://registry.npmjs.org/@img/sharp-win32-x64/-/sharp-win32-x64-0.33.1.tgz"
  integrity sha512-XaM69X0n6kTEsp9tVYYLhXdg7Qj32vYJlAKRutxUsm1UlgQNx6BOhHwZPwukCGXBU2+tH87ip2eV1I/E8MQnZg==

"@types/node@*", "@types/node@^18.0.3":
  version "18.0.3"
  resolved "https://registry.npmjs.org/@types/node/-/node-18.0.3.tgz"
  integrity sha512-HzNRZtp4eepNitP+BD6k2L6DROIDG4Q0fm4x+dwfsr6LGmROENnok75VGw40628xf+iR24WeMFcHuuBDUAzzsQ==

"@types/sharp@^0.30.4":
  version "0.30.4"
  resolved "https://registry.npmjs.org/@types/sharp/-/sharp-0.30.4.tgz"
  integrity sha512-6oJEzKt7wZeS7e+6x9QFEOWGs0T/6of00+0onZGN1zSmcSjcTDZKgIGZ6YWJnHowpaKUCFBPH52mYljWqU32Eg==
  dependencies:
    "@types/node" "*"

color-convert@^2.0.1:
  version "2.0.1"
  resolved "https://registry.npmjs.org/color-convert/-/color-convert-2.0.1.tgz"
  integrity sha512-RRECPsj7iu/xb5oKYcsFHSppFNnsj/52OVTRKb4zP5onXwVF3zVmmToNcOfGC+CRDpfK/U584fMg38ZHCaElKQ==
  dependencies:
    color-name "~1.1.4"

color-name@^1.0.0, color-name@~1.1.4:
  version "1.1.4"
  resolved "https://registry.npmjs.org/color-name/-/color-name-1.1.4.tgz"
  integrity sha512-dOy+3AuW3a2wNbZHIuMZpTcgjGuLU/uBL/ubcZF9OXbDo8ff4O8yVp5Bf0efS8uEoYo5q4Fx7dY9OgQGXgAsQA==

color-string@^1.9.0:
  version "1.9.1"
  resolved "https://registry.npmjs.org/color-string/-/color-string-1.9.1.tgz"
  integrity sha512-shrVawQFojnZv6xM40anx4CkoDP+fZsw/ZerEMsW/pyzsRbElpsL/DBVW7q3ExxwusdNXI3lXpuhEZkzs8p5Eg==
  dependencies:
    color-name "^1.0.0"
    simple-swizzle "^0.2.2"

color@^4.2.3:
  version "4.2.3"
  resolved "https://registry.npmjs.org/color/-/color-4.2.3.tgz"
  integrity sha512-1rXeuUUiGGrykh+CeBdu5Ie7OJwinCgQY0bc7GCRxy5xVHy+moaqkpL/jqQq0MtQOeYcrqEz4abc5f0KtU7W4A==
  dependencies:
    color-convert "^2.0.1"
    color-string "^1.9.0"

detect-libc@^2.0.2:
  version "2.0.2"
  resolved "https://registry.npmjs.org/detect-libc/-/detect-libc-2.0.2.tgz"
  integrity sha512-UX6sGumvvqSaXgdKGUsgZWqcUyIXZ/vZTrlRT/iobiKhGL0zL4d3osHj3uqllWJK+i+sixDS/3COVEOFbupFyw==

is-arrayish@^0.3.1:
  version "0.3.2"
  resolved "https://registry.npmjs.org/is-arrayish/-/is-arrayish-0.3.2.tgz"
  integrity sha512-eVRqCvVlZbuw3GrM63ovNSNAeA1K16kaR/LRY/92w0zxQ5/1YzwblUX652i4Xs9RwAGjW9d9y6X88t8OaAJfWQ==

lru-cache@^6.0.0:
  version "6.0.0"
  resolved "https://registry.npmjs.org/lru-cache/-/lru-cache-6.0.0.tgz"
  integrity sha512-Jo6dJ04CmSjuznwJSS3pUeWmd/H0ffTlkXXgwZi+eq1UCmqQwCh+eLsYOYCwY991i2Fah4h1BEMCx4qThGbsiA==
  dependencies:
    yallist "^4.0.0"

"node-removebg@file:":
  version "2.0.1"
  resolved "file:"
  dependencies:
    node-removebg "file:"
    onnxruntime-node "^1.11.0"
    sharp "^0.33.1"

onnxruntime-common@~1.11.0:
  version "1.11.0"
  resolved "https://registry.npmjs.org/onnxruntime-common/-/onnxruntime-common-1.11.0.tgz"
  integrity sha512-nXcGm2zutRfpIUDmESXZDWX07VFOZ+0KcDW/H86kMLv3o1RBcGFfPPOLSRP0ohoJtBQj3uV3dB/fQOqI6fqjiA==

onnxruntime-node@^1.11.0:
  version "1.11.0"
  resolved "https://registry.npmjs.org/onnxruntime-node/-/onnxruntime-node-1.11.0.tgz"
  integrity sha512-IfjSuTZwFCy+CSCPp7SS8Du/A+SbJ7SUs7zQOQvt9y67gDwXJoySOVF7cmNU7WgGzU/a3ZfF84aUMwwKa2ijWQ==
  dependencies:
    onnxruntime-common "~1.11.0"

semver@^7.5.4:
  version "7.5.4"
  resolved "https://registry.npmjs.org/semver/-/semver-7.5.4.tgz"
  integrity sha512-1bCSESV6Pv+i21Hvpxp3Dx+pSD8lIPt8uVjRrxAUt/nbswYc+tK6Y2btiULjd4+fnq15PX+nqQDC7Oft7WkwcA==
  dependencies:
    lru-cache "^6.0.0"

sharp@^0.33.1:
  version "0.33.1"
  resolved "https://registry.npmjs.org/sharp/-/sharp-0.33.1.tgz"
  integrity sha512-iAYUnOdTqqZDb3QjMneBKINTllCJDZ3em6WaWy7NPECM4aHncvqHRm0v0bN9nqJxMiwamv5KIdauJ6lUzKDpTQ==
  dependencies:
    color "^4.2.3"
    detect-libc "^2.0.2"
    semver "^7.5.4"
  optionalDependencies:
    "@img/sharp-darwin-arm64" "0.33.1"
    "@img/sharp-darwin-x64" "0.33.1"
    "@img/sharp-libvips-darwin-arm64" "1.0.0"
    "@img/sharp-libvips-darwin-x64" "1.0.0"
    "@img/sharp-libvips-linux-arm" "1.0.0"
    "@img/sharp-libvips-linux-arm64" "1.0.0"
    "@img/sharp-libvips-linux-s390x" "1.0.0"
    "@img/sharp-libvips-linux-x64" "1.0.0"
    "@img/sharp-libvips-linuxmusl-arm64" "1.0.0"
    "@img/sharp-libvips-linuxmusl-x64" "1.0.0"
    "@img/sharp-linux-arm" "0.33.1"
    "@img/sharp-linux-arm64" "0.33.1"
    "@img/sharp-linux-s390x" "0.33.1"
    "@img/sharp-linux-x64" "0.33.1"
    "@img/sharp-linuxmusl-arm64" "0.33.1"
    "@img/sharp-linuxmusl-x64" "0.33.1"
    "@img/sharp-wasm32" "0.33.1"
    "@img/sharp-win32-ia32" "0.33.1"
    "@img/sharp-win32-x64" "0.33.1"

simple-swizzle@^0.2.2:
  version "0.2.2"
  resolved "https://registry.npmjs.org/simple-swizzle/-/simple-swizzle-0.2.2.tgz"
  integrity sha512-JA//kQgZtbuY83m+xT+tXJkmJncGMTFT+C+g2h2R9uxkYIrE2yy9sgmcLhCnw57/WSD+Eh3J97FPEDFnbXnDUg==
  dependencies:
    is-arrayish "^0.3.1"

typescript@^4.7.4:
  version "4.7.4"
  resolved "https://registry.npmjs.org/typescript/-/typescript-4.7.4.tgz"
  integrity sha512-C0WQT0gezHuw6AdY1M2jxUO83Rjf0HP7Sk1DtXj6j1EwkQNZrHAg2XPWlq62oqEhYvONq5pkC2Y9oPljWToLmQ==

yallist@^4.0.0:
  version "4.0.0"
  resolved "https://registry.npmjs.org/yallist/-/yallist-4.0.0.tgz"
  integrity sha512-3wdGidZyq5PB084XLES5TpOSRA3wjXAlIWMhum2kRcv/41Sn2emQ0dycQW4uZXLejwKvg6EsvbdlVL+FYEct7A==
